
Microsoft Visual Studio Solution File, Format Version 12.00
# Visual Studio Version 17
VisualStudioVersion = 17.14.36301.6
MinimumVisualStudioVersion = 10.0.40219.1
Project("{2150E333-8FDC-42A3-9474-1A3956D46DE8}") = "Services", "Services", "{02EA681E-C7D8-13C7-8484-4AC65E1B71E8}"
EndProject
Project("{2150E333-8FDC-42A3-9474-1A3956D46DE8}") = "CatalogService", "CatalogService", "{93E66BDD-DCD9-4B33-B745-1E60D77A788E}"
	ProjectSection(SolutionItems) = preProject
		Dockerfile = Dockerfile
	EndProjectSection
EndProject
Project("{2150E333-8FDC-42A3-9474-1A3956D46DE8}") = "OrderingService", "OrderingService", "{31B3CEDA-85F6-44E0-A609-2B480BCCDDCC}"
	ProjectSection(SolutionItems) = preProject
		Services\OrderingService\Dockerfile = Services\OrderingService\Dockerfile
	EndProjectSection
EndProject
Project("{2150E333-8FDC-42A3-9474-1A3956D46DE8}") = "BuildingBlocks", "BuildingBlocks", "{14D22C39-E63E-46EE-AF4F-375342577B22}"
EndProject
Project("{2150E333-8FDC-42A3-9474-1A3956D46DE8}") = "Common", "Common", "{B82845D5-BDFB-440E-A0B5-B1E29DC5CD97}"
EndProject
Project("{2150E333-8FDC-42A3-9474-1A3956D46DE8}") = "Docs", "Docs", "{04B6473B-3CE0-445A-A437-6DE4115F0E79}"
EndProject
Project("{FAE04EC0-301F-11D3-BF4B-00C04F79EFBC}") = "Catalog.API", "Services\CatalogService\Catalog.API\Catalog.API.csproj", "{B5A95EDD-C92E-4C57-9627-F9F42211C278}"
EndProject
Project("{FAE04EC0-301F-11D3-BF4B-00C04F79EFBC}") = "Catalog.Application", "Services\CatalogService\Catalog.Application\Catalog.Application.csproj", "{CEE9841C-3D3B-45A8-A813-A147415FEB66}"
EndProject
Project("{FAE04EC0-301F-11D3-BF4B-00C04F79EFBC}") = "Catalog.Domain", "Services\CatalogService\Catalog.Domain\Catalog.Domain.csproj", "{CD342B03-9E0D-43FF-982F-59304D959E26}"
EndProject
Project("{FAE04EC0-301F-11D3-BF4B-00C04F79EFBC}") = "Catalog.Infrastructure", "Services\CatalogService\Catalog.Infrastructure\Catalog.Infrastructure.csproj", "{CA756B09-7A30-4084-8F2A-3778F9D28F7E}"
EndProject
Project("{FAE04EC0-301F-11D3-BF4B-00C04F79EFBC}") = "Ordering.API", "Services\OrderingService\Ordering.API\Ordering.API.csproj", "{FFA2258A-A9E8-4658-8365-1B2C41817518}"
EndProject
Project("{FAE04EC0-301F-11D3-BF4B-00C04F79EFBC}") = "Ordering.Application", "Services\OrderingService\Ordering.Application\Ordering.Application.csproj", "{BDF51999-8BF2-4867-8BB7-F0F8F8871513}"
EndProject
Project("{FAE04EC0-301F-11D3-BF4B-00C04F79EFBC}") = "Ordering.Domain", "Services\OrderingService\Ordering.Domain\Ordering.Domain.csproj", "{C7AB4B3C-52C9-4BF5-91B2-D9773066286F}"
EndProject
Project("{FAE04EC0-301F-11D3-BF4B-00C04F79EFBC}") = "Ordering.Infrastructure", "Services\OrderingService\Ordering.Infrastructure\Ordering.Infrastructure.csproj", "{20619D71-6672-425E-8325-CFEB67280613}"
EndProject
Project("{2150E333-8FDC-42A3-9474-1A3956D46DE8}") = "Elementos de la solución", "Elementos de la solución", "{D107F4C8-89CC-BEA8-D3D7-CA6B7733353D}"
	ProjectSection(SolutionItems) = preProject
		docker-compose.yml = docker-compose.yml
	EndProjectSection
EndProject
Project("{FAE04EC0-301F-11D3-BF4B-00C04F79EFBC}") = "EventBus", "BuildingBlocks\EventBus\EventBus.csproj", "{676C3221-1966-448E-B416-475A8C02D352}"
EndProject
Project("{FAE04EC0-301F-11D3-BF4B-00C04F79EFBC}") = "CatalogService.UnitTests", "tests\CatalogService.UnitTests\CatalogService.UnitTests.csproj", "{075E3757-5A77-EBEE-19DE-FA498A5EFCD7}"
EndProject
Project("{2150E333-8FDC-42A3-9474-1A3956D46DE8}") = ".github", ".github", "{F444D698-122C-43D7-9B8A-D3A7A6D10DA9}"
EndProject
Project("{2150E333-8FDC-42A3-9474-1A3956D46DE8}") = "workflows", "workflows", "{184476F8-B51E-49CE-8748-ED825FD3BEE7}"
	ProjectSection(SolutionItems) = preProject
		ci-cd.yml = ci-cd.yml
	EndProjectSection
EndProject
Global
	GlobalSection(SolutionConfigurationPlatforms) = preSolution
		Debug|Any CPU = Debug|Any CPU
		Release|Any CPU = Release|Any CPU
	EndGlobalSection
	GlobalSection(ProjectConfigurationPlatforms) = postSolution
		{B5A95EDD-C92E-4C57-9627-F9F42211C278}.Debug|Any CPU.ActiveCfg = Debug|Any CPU
		{B5A95EDD-C92E-4C57-9627-F9F42211C278}.Debug|Any CPU.Build.0 = Debug|Any CPU
		{B5A95EDD-C92E-4C57-9627-F9F42211C278}.Release|Any CPU.ActiveCfg = Release|Any CPU
		{B5A95EDD-C92E-4C57-9627-F9F42211C278}.Release|Any CPU.Build.0 = Release|Any CPU
		{CEE9841C-3D3B-45A8-A813-A147415FEB66}.Debug|Any CPU.ActiveCfg = Debug|Any CPU
		{CEE9841C-3D3B-45A8-A813-A147415FEB66}.Debug|Any CPU.Build.0 = Debug|Any CPU
		{CEE9841C-3D3B-45A8-A813-A147415FEB66}.Release|Any CPU.ActiveCfg = Release|Any CPU
		{CEE9841C-3D3B-45A8-A813-A147415FEB66}.Release|Any CPU.Build.0 = Release|Any CPU
		{CD342B03-9E0D-43FF-982F-59304D959E26}.Debug|Any CPU.ActiveCfg = Debug|Any CPU
		{CD342B03-9E0D-43FF-982F-59304D959E26}.Debug|Any CPU.Build.0 = Debug|Any CPU
		{CD342B03-9E0D-43FF-982F-59304D959E26}.Release|Any CPU.ActiveCfg = Release|Any CPU
		{CD342B03-9E0D-43FF-982F-59304D959E26}.Release|Any CPU.Build.0 = Release|Any CPU
		{CA756B09-7A30-4084-8F2A-3778F9D28F7E}.Debug|Any CPU.ActiveCfg = Debug|Any CPU
		{CA756B09-7A30-4084-8F2A-3778F9D28F7E}.Debug|Any CPU.Build.0 = Debug|Any CPU
		{CA756B09-7A30-4084-8F2A-3778F9D28F7E}.Release|Any CPU.ActiveCfg = Release|Any CPU
		{CA756B09-7A30-4084-8F2A-3778F9D28F7E}.Release|Any CPU.Build.0 = Release|Any CPU
		{FFA2258A-A9E8-4658-8365-1B2C41817518}.Debug|Any CPU.ActiveCfg = Debug|Any CPU
		{FFA2258A-A9E8-4658-8365-1B2C41817518}.Debug|Any CPU.Build.0 = Debug|Any CPU
		{FFA2258A-A9E8-4658-8365-1B2C41817518}.Release|Any CPU.ActiveCfg = Release|Any CPU
		{FFA2258A-A9E8-4658-8365-1B2C41817518}.Release|Any CPU.Build.0 = Release|Any CPU
		{BDF51999-8BF2-4867-8BB7-F0F8F8871513}.Debug|Any CPU.ActiveCfg = Debug|Any CPU
		{BDF51999-8BF2-4867-8BB7-F0F8F8871513}.Debug|Any CPU.Build.0 = Debug|Any CPU
		{BDF51999-8BF2-4867-8BB7-F0F8F8871513}.Release|Any CPU.ActiveCfg = Release|Any CPU
		{BDF51999-8BF2-4867-8BB7-F0F8F8871513}.Release|Any CPU.Build.0 = Release|Any CPU
		{C7AB4B3C-52C9-4BF5-91B2-D9773066286F}.Debug|Any CPU.ActiveCfg = Debug|Any CPU
		{C7AB4B3C-52C9-4BF5-91B2-D9773066286F}.Debug|Any CPU.Build.0 = Debug|Any CPU
		{C7AB4B3C-52C9-4BF5-91B2-D9773066286F}.Release|Any CPU.ActiveCfg = Release|Any CPU
		{C7AB4B3C-52C9-4BF5-91B2-D9773066286F}.Release|Any CPU.Build.0 = Release|Any CPU
		{20619D71-6672-425E-8325-CFEB67280613}.Debug|Any CPU.ActiveCfg = Debug|Any CPU
		{20619D71-6672-425E-8325-CFEB67280613}.Debug|Any CPU.Build.0 = Debug|Any CPU
		{20619D71-6672-425E-8325-CFEB67280613}.Release|Any CPU.ActiveCfg = Release|Any CPU
		{20619D71-6672-425E-8325-CFEB67280613}.Release|Any CPU.Build.0 = Release|Any CPU
		{676C3221-1966-448E-B416-475A8C02D352}.Debug|Any CPU.ActiveCfg = Debug|Any CPU
		{676C3221-1966-448E-B416-475A8C02D352}.Debug|Any CPU.Build.0 = Debug|Any CPU
		{676C3221-1966-448E-B416-475A8C02D352}.Release|Any CPU.ActiveCfg = Release|Any CPU
		{676C3221-1966-448E-B416-475A8C02D352}.Release|Any CPU.Build.0 = Release|Any CPU
		{075E3757-5A77-EBEE-19DE-FA498A5EFCD7}.Debug|Any CPU.ActiveCfg = Debug|Any CPU
		{075E3757-5A77-EBEE-19DE-FA498A5EFCD7}.Debug|Any CPU.Build.0 = Debug|Any CPU
		{075E3757-5A77-EBEE-19DE-FA498A5EFCD7}.Release|Any CPU.ActiveCfg = Release|Any CPU
		{075E3757-5A77-EBEE-19DE-FA498A5EFCD7}.Release|Any CPU.Build.0 = Release|Any CPU
	EndGlobalSection
	GlobalSection(SolutionProperties) = preSolution
		HideSolutionNode = FALSE
	EndGlobalSection
	GlobalSection(NestedProjects) = preSolution
		{93E66BDD-DCD9-4B33-B745-1E60D77A788E} = {02EA681E-C7D8-13C7-8484-4AC65E1B71E8}
		{31B3CEDA-85F6-44E0-A609-2B480BCCDDCC} = {02EA681E-C7D8-13C7-8484-4AC65E1B71E8}
		{B82845D5-BDFB-440E-A0B5-B1E29DC5CD97} = {14D22C39-E63E-46EE-AF4F-375342577B22}
		{B5A95EDD-C92E-4C57-9627-F9F42211C278} = {93E66BDD-DCD9-4B33-B745-1E60D77A788E}
		{CEE9841C-3D3B-45A8-A813-A147415FEB66} = {93E66BDD-DCD9-4B33-B745-1E60D77A788E}
		{CD342B03-9E0D-43FF-982F-59304D959E26} = {93E66BDD-DCD9-4B33-B745-1E60D77A788E}
		{CA756B09-7A30-4084-8F2A-3778F9D28F7E} = {93E66BDD-DCD9-4B33-B745-1E60D77A788E}
		{FFA2258A-A9E8-4658-8365-1B2C41817518} = {31B3CEDA-85F6-44E0-A609-2B480BCCDDCC}
		{BDF51999-8BF2-4867-8BB7-F0F8F8871513} = {31B3CEDA-85F6-44E0-A609-2B480BCCDDCC}
		{C7AB4B3C-52C9-4BF5-91B2-D9773066286F} = {31B3CEDA-85F6-44E0-A609-2B480BCCDDCC}
		{20619D71-6672-425E-8325-CFEB67280613} = {31B3CEDA-85F6-44E0-A609-2B480BCCDDCC}
		{676C3221-1966-448E-B416-475A8C02D352} = {14D22C39-E63E-46EE-AF4F-375342577B22}
		{184476F8-B51E-49CE-8748-ED825FD3BEE7} = {F444D698-122C-43D7-9B8A-D3A7A6D10DA9}
	EndGlobalSection
	GlobalSection(ExtensibilityGlobals) = postSolution
		SolutionGuid = {0758D572-7456-4260-82E2-9BBC1278F24A}
	EndGlobalSection
EndGlobal
